
Microsoft Visual Studio Solution File, Format Version 12.00
# Visual Studio Version 16
VisualStudioVersion = 16.0.31019.35
MinimumVisualStudioVersion = 10.0.40219.1
Project("{FAE04EC0-301F-11D3-BF4B-00C04F79EFBC}") = "Projekt_Inzynierski", "Projekt_Inzynierski\Projekt_Inzynierski.csproj", "{246A081E-0143-4CC9-B364-1E1CE0F7189A}"
EndProject
Global
	GlobalSection(SolutionConfigurationPlatforms) = preSolution
		Debug|Any CPU = Debug|Any CPU
		Release|Any CPU = Release|Any CPU
	EndGlobalSection
	GlobalSection(ProjectConfigurationPlatforms) = postSolution
		{246A081E-0143-4CC9-B364-1E1CE0F7189A}.Debug|Any CPU.ActiveCfg = Debug|Any CPU
		{246A081E-0143-4CC9-B364-1E1CE0F7189A}.Debug|Any CPU.Build.0 = Debug|Any CPU
		{246A081E-0143-4CC9-B364-1E1CE0F7189A}.Release|Any CPU.ActiveCfg = Release|Any CPU
		{246A081E-0143-4CC9-B364-1E1CE0F7189A}.Release|Any CPU.Build.0 = Release|Any CPU
	EndGlobalSection
	GlobalSection(SolutionProperties) = preSolution
		HideSolutionNode = FALSE
	EndGlobalSection
	GlobalSection(ExtensibilityGlobals) = postSolution
		SolutionGuid = {5D88CAB8-80BA-4428-8D49-83CDB2C44E25}
	EndGlobalSection
EndGlobal
